
Microsoft Visual Studio Solution File, Format Version 12.00
# Visual Studio Version 17
VisualStudioVersion = 17.5.33516.290
MinimumVisualStudioVersion = 10.0.40219.1
Project("{FAE04EC0-301F-11D3-BF4B-00C04F79EFBC}") = "DAGlynEditor", "DAGlynEditor.csproj", "{B93509A0-3430-4C16-AD38-297AFAAB780A}"
EndProject
Global
	GlobalSection(SolutionConfigurationPlatforms) = preSolution
		Debug|Any CPU = Debug|Any CPU
		Release|Any CPU = Release|Any CPU
	EndGlobalSection
	GlobalSection(ProjectConfigurationPlatforms) = postSolution
		{B93509A0-3430-4C16-AD38-297AFAAB780A}.Debug|Any CPU.ActiveCfg = Debug|Any CPU
		{B93509A0-3430-4C16-AD38-297AFAAB780A}.Debug|Any CPU.Build.0 = Debug|Any CPU
		{B93509A0-3430-4C16-AD38-297AFAAB780A}.Release|Any CPU.ActiveCfg = Release|Any CPU
		{B93509A0-3430-4C16-AD38-297AFAAB780A}.Release|Any CPU.Build.0 = Release|Any CPU
	EndGlobalSection
	GlobalSection(SolutionProperties) = preSolution
		HideSolutionNode = FALSE
	EndGlobalSection
	GlobalSection(ExtensibilityGlobals) = postSolution
		SolutionGuid = {F2F31B08-9264-4319-8885-CB1D345F3E94}
	EndGlobalSection
EndGlobal
